
Microsoft Visual Studio Solution File, Format Version 12.00
# Visual Studio 15
VisualStudioVersion = 15.0.27130.2024
MinimumVisualStudioVersion = 10.0.40219.1
Project("{FAE04EC0-301F-11D3-BF4B-00C04F79EFBC}") = "MystiqueMC", "MystiqueMC\MystiqueMC.csproj", "{8FDE5ECB-0C7B-42CD-B764-853E4BC05437}"
EndProject
Project("{FAE04EC0-301F-11D3-BF4B-00C04F79EFBC}") = "MystiqueMC.DAL", "MystiqueMC.DAL\MystiqueMC.DAL.csproj", "{980F96C5-28F0-471C-AA43-32D305F38F76}"
EndProject
Project("{FAE04EC0-301F-11D3-BF4B-00C04F79EFBC}") = "MystiqueMcApi", "MystiqueMcApi\MystiqueMcApi.csproj", "{F7C89E4B-72B5-4425-B1DA-C4EC5BA99737}"
EndProject
Project("{9A19103F-16F7-4668-BE54-9A1E7A4F7556}") = "MystiqueNative", "MystiqueNative\MystiqueNative.csproj", "{77540CCE-0273-422E-AAD9-8F3A6484C58B}"
EndProject
Project("{FAE04EC0-301F-11D3-BF4B-00C04F79EFBC}") = "MystiqueNative.Android", "MystiqueNative.Android\MystiqueNative.Android.csproj", "{03D2C66D-5DE9-46EE-994E-5184E7B4E9F1}"
EndProject
Project("{FAE04EC0-301F-11D3-BF4B-00C04F79EFBC}") = "MystiqueNative.iOS", "MystiqueNative.iOS\MystiqueNative.iOS.csproj", "{DEF47139-97F2-4EB0-9DA1-788BE005E808}"
EndProject
Project("{FAE04EC0-301F-11D3-BF4B-00C04F79EFBC}") = "FacturacionApi", "FacturacionApi\FacturacionApi.csproj", "{C2060A83-C58E-4243-AEFD-CA60E76359A0}"
EndProject
Project("{FAE04EC0-301F-11D3-BF4B-00C04F79EFBC}") = "FacturacionApi.DAL", "FacturacionApi.DAL\FacturacionApi.DAL.csproj", "{16BCEC98-E27A-4A03-A400-955E09CE09BD}"
EndProject
Project("{FAE04EC0-301F-11D3-BF4B-00C04F79EFBC}") = "FacturacionApi.SAT", "FacturacionApi.SAT\FacturacionApi.SAT.csproj", "{6A7957BB-EF54-4E13-B190-168F24270DB1}"
EndProject
Project("{FAE04EC0-301F-11D3-BF4B-00C04F79EFBC}") = "WebApp.SyncApi", "WebApp.SyncApi\WebApp.SyncApi.csproj", "{8ABEBE03-7619-42E3-90E0-833AB9549CC2}"
EndProject
Project("{FAE04EC0-301F-11D3-BF4B-00C04F79EFBC}") = "ApiDoc", "ApiDoc\ApiDoc.csproj", "{588B31E9-5E22-4E4A-A4BD-3D41EBC45394}"
EndProject
Project("{FAE04EC0-301F-11D3-BF4B-00C04F79EFBC}") = "FacturacionTDCAPI.DAL", "FacturacionTDCAPI.DAL\FacturacionTDCAPI.DAL.csproj", "{DE1D95BF-7F06-4A80-B739-13EFE3BF9BD8}"
EndProject
Project("{FAE04EC0-301F-11D3-BF4B-00C04F79EFBC}") = "Facturacion.Cfdi.v33", "Facturacion.Cfdi.v33\Facturacion.Cfdi.v33.csproj", "{CC16A7B1-B08F-42AA-BF15-B7E94377788F}"
EndProject
Project("{FAE04EC0-301F-11D3-BF4B-00C04F79EFBC}") = "FacturacionTDCAPI", "FacturacionTDCAPI\FacturacionTDCAPI.csproj", "{1CDBB0D0-AC02-4B7A-8F8D-D6D9CEA95AA1}"
EndProject
Global
	GlobalSection(SolutionConfigurationPlatforms) = preSolution
		Debug|Any CPU = Debug|Any CPU
		Debug|iPhone = Debug|iPhone
		Debug|iPhoneSimulator = Debug|iPhoneSimulator
		Release|Any CPU = Release|Any CPU
		Release|iPhone = Release|iPhone
		Release|iPhoneSimulator = Release|iPhoneSimulator
	EndGlobalSection
	GlobalSection(ProjectConfigurationPlatforms) = postSolution
		{8FDE5ECB-0C7B-42CD-B764-853E4BC05437}.Debug|Any CPU.ActiveCfg = Debug|Any CPU
		{8FDE5ECB-0C7B-42CD-B764-853E4BC05437}.Debug|Any CPU.Build.0 = Debug|Any CPU
		{8FDE5ECB-0C7B-42CD-B764-853E4BC05437}.Debug|iPhone.ActiveCfg = Debug|Any CPU
		{8FDE5ECB-0C7B-42CD-B764-853E4BC05437}.Debug|iPhone.Build.0 = Debug|Any CPU
		{8FDE5ECB-0C7B-42CD-B764-853E4BC05437}.Debug|iPhoneSimulator.ActiveCfg = Debug|Any CPU
		{8FDE5ECB-0C7B-42CD-B764-853E4BC05437}.Debug|iPhoneSimulator.Build.0 = Debug|Any CPU
		{8FDE5ECB-0C7B-42CD-B764-853E4BC05437}.Release|Any CPU.ActiveCfg = Release|Any CPU
		{8FDE5ECB-0C7B-42CD-B764-853E4BC05437}.Release|Any CPU.Build.0 = Release|Any CPU
		{8FDE5ECB-0C7B-42CD-B764-853E4BC05437}.Release|iPhone.ActiveCfg = Release|Any CPU
		{8FDE5ECB-0C7B-42CD-B764-853E4BC05437}.Release|iPhone.Build.0 = Release|Any CPU
		{8FDE5ECB-0C7B-42CD-B764-853E4BC05437}.Release|iPhoneSimulator.ActiveCfg = Release|Any CPU
		{8FDE5ECB-0C7B-42CD-B764-853E4BC05437}.Release|iPhoneSimulator.Build.0 = Release|Any CPU
		{980F96C5-28F0-471C-AA43-32D305F38F76}.Debug|Any CPU.ActiveCfg = Debug|Any CPU
		{980F96C5-28F0-471C-AA43-32D305F38F76}.Debug|Any CPU.Build.0 = Debug|Any CPU
		{980F96C5-28F0-471C-AA43-32D305F38F76}.Debug|iPhone.ActiveCfg = Debug|Any CPU
		{980F96C5-28F0-471C-AA43-32D305F38F76}.Debug|iPhone.Build.0 = Debug|Any CPU
		{980F96C5-28F0-471C-AA43-32D305F38F76}.Debug|iPhoneSimulator.ActiveCfg = Debug|Any CPU
		{980F96C5-28F0-471C-AA43-32D305F38F76}.Debug|iPhoneSimulator.Build.0 = Debug|Any CPU
		{980F96C5-28F0-471C-AA43-32D305F38F76}.Release|Any CPU.ActiveCfg = Release|Any CPU
		{980F96C5-28F0-471C-AA43-32D305F38F76}.Release|Any CPU.Build.0 = Release|Any CPU
		{980F96C5-28F0-471C-AA43-32D305F38F76}.Release|iPhone.ActiveCfg = Release|Any CPU
		{980F96C5-28F0-471C-AA43-32D305F38F76}.Release|iPhone.Build.0 = Release|Any CPU
		{980F96C5-28F0-471C-AA43-32D305F38F76}.Release|iPhoneSimulator.ActiveCfg = Release|Any CPU
		{980F96C5-28F0-471C-AA43-32D305F38F76}.Release|iPhoneSimulator.Build.0 = Release|Any CPU
		{F7C89E4B-72B5-4425-B1DA-C4EC5BA99737}.Debug|Any CPU.ActiveCfg = Debug|Any CPU
		{F7C89E4B-72B5-4425-B1DA-C4EC5BA99737}.Debug|Any CPU.Build.0 = Debug|Any CPU
		{F7C89E4B-72B5-4425-B1DA-C4EC5BA99737}.Debug|iPhone.ActiveCfg = Debug|Any CPU
		{F7C89E4B-72B5-4425-B1DA-C4EC5BA99737}.Debug|iPhone.Build.0 = Debug|Any CPU
		{F7C89E4B-72B5-4425-B1DA-C4EC5BA99737}.Debug|iPhoneSimulator.ActiveCfg = Debug|Any CPU
		{F7C89E4B-72B5-4425-B1DA-C4EC5BA99737}.Debug|iPhoneSimulator.Build.0 = Debug|Any CPU
		{F7C89E4B-72B5-4425-B1DA-C4EC5BA99737}.Release|Any CPU.ActiveCfg = Release|Any CPU
		{F7C89E4B-72B5-4425-B1DA-C4EC5BA99737}.Release|Any CPU.Build.0 = Release|Any CPU
		{F7C89E4B-72B5-4425-B1DA-C4EC5BA99737}.Release|iPhone.ActiveCfg = Release|Any CPU
		{F7C89E4B-72B5-4425-B1DA-C4EC5BA99737}.Release|iPhone.Build.0 = Release|Any CPU
		{F7C89E4B-72B5-4425-B1DA-C4EC5BA99737}.Release|iPhoneSimulator.ActiveCfg = Release|Any CPU
		{F7C89E4B-72B5-4425-B1DA-C4EC5BA99737}.Release|iPhoneSimulator.Build.0 = Release|Any CPU
		{77540CCE-0273-422E-AAD9-8F3A6484C58B}.Debug|Any CPU.ActiveCfg = Debug|Any CPU
		{77540CCE-0273-422E-AAD9-8F3A6484C58B}.Debug|Any CPU.Build.0 = Debug|Any CPU
		{77540CCE-0273-422E-AAD9-8F3A6484C58B}.Debug|iPhone.ActiveCfg = Debug|Any CPU
		{77540CCE-0273-422E-AAD9-8F3A6484C58B}.Debug|iPhone.Build.0 = Debug|Any CPU
		{77540CCE-0273-422E-AAD9-8F3A6484C58B}.Debug|iPhoneSimulator.ActiveCfg = Debug|Any CPU
		{77540CCE-0273-422E-AAD9-8F3A6484C58B}.Debug|iPhoneSimulator.Build.0 = Debug|Any CPU
		{77540CCE-0273-422E-AAD9-8F3A6484C58B}.Release|Any CPU.ActiveCfg = Release|Any CPU
		{77540CCE-0273-422E-AAD9-8F3A6484C58B}.Release|Any CPU.Build.0 = Release|Any CPU
		{77540CCE-0273-422E-AAD9-8F3A6484C58B}.Release|iPhone.ActiveCfg = Release|Any CPU
		{77540CCE-0273-422E-AAD9-8F3A6484C58B}.Release|iPhone.Build.0 = Release|Any CPU
		{77540CCE-0273-422E-AAD9-8F3A6484C58B}.Release|iPhoneSimulator.ActiveCfg = Release|Any CPU
		{77540CCE-0273-422E-AAD9-8F3A6484C58B}.Release|iPhoneSimulator.Build.0 = Release|Any CPU
		{03D2C66D-5DE9-46EE-994E-5184E7B4E9F1}.Debug|Any CPU.ActiveCfg = Debug|Any CPU
		{03D2C66D-5DE9-46EE-994E-5184E7B4E9F1}.Debug|Any CPU.Build.0 = Debug|Any CPU
		{03D2C66D-5DE9-46EE-994E-5184E7B4E9F1}.Debug|Any CPU.Deploy.0 = Debug|Any CPU
		{03D2C66D-5DE9-46EE-994E-5184E7B4E9F1}.Debug|iPhone.ActiveCfg = Debug|Any CPU
		{03D2C66D-5DE9-46EE-994E-5184E7B4E9F1}.Debug|iPhone.Build.0 = Debug|Any CPU
		{03D2C66D-5DE9-46EE-994E-5184E7B4E9F1}.Debug|iPhone.Deploy.0 = Debug|Any CPU
		{03D2C66D-5DE9-46EE-994E-5184E7B4E9F1}.Debug|iPhoneSimulator.ActiveCfg = Debug|Any CPU
		{03D2C66D-5DE9-46EE-994E-5184E7B4E9F1}.Debug|iPhoneSimulator.Build.0 = Debug|Any CPU
		{03D2C66D-5DE9-46EE-994E-5184E7B4E9F1}.Debug|iPhoneSimulator.Deploy.0 = Debug|Any CPU
		{03D2C66D-5DE9-46EE-994E-5184E7B4E9F1}.Release|Any CPU.ActiveCfg = Release|Any CPU
		{03D2C66D-5DE9-46EE-994E-5184E7B4E9F1}.Release|Any CPU.Build.0 = Release|Any CPU
		{03D2C66D-5DE9-46EE-994E-5184E7B4E9F1}.Release|Any CPU.Deploy.0 = Release|Any CPU
		{03D2C66D-5DE9-46EE-994E-5184E7B4E9F1}.Release|iPhone.ActiveCfg = Release|Any CPU
		{03D2C66D-5DE9-46EE-994E-5184E7B4E9F1}.Release|iPhone.Build.0 = Release|Any CPU
		{03D2C66D-5DE9-46EE-994E-5184E7B4E9F1}.Release|iPhone.Deploy.0 = Release|Any CPU
		{03D2C66D-5DE9-46EE-994E-5184E7B4E9F1}.Release|iPhoneSimulator.ActiveCfg = Release|Any CPU
		{03D2C66D-5DE9-46EE-994E-5184E7B4E9F1}.Release|iPhoneSimulator.Build.0 = Release|Any CPU
		{03D2C66D-5DE9-46EE-994E-5184E7B4E9F1}.Release|iPhoneSimulator.Deploy.0 = Release|Any CPU
		{DEF47139-97F2-4EB0-9DA1-788BE005E808}.Debug|Any CPU.ActiveCfg = Debug|iPhone
		{DEF47139-97F2-4EB0-9DA1-788BE005E808}.Debug|iPhone.ActiveCfg = Debug|iPhone
		{DEF47139-97F2-4EB0-9DA1-788BE005E808}.Debug|iPhone.Build.0 = Debug|iPhone
		{DEF47139-97F2-4EB0-9DA1-788BE005E808}.Debug|iPhoneSimulator.ActiveCfg = Debug|iPhoneSimulator
		{DEF47139-97F2-4EB0-9DA1-788BE005E808}.Debug|iPhoneSimulator.Build.0 = Debug|iPhoneSimulator
		{DEF47139-97F2-4EB0-9DA1-788BE005E808}.Release|Any CPU.ActiveCfg = Release|iPhone
		{DEF47139-97F2-4EB0-9DA1-788BE005E808}.Release|iPhone.ActiveCfg = Release|iPhone
		{DEF47139-97F2-4EB0-9DA1-788BE005E808}.Release|iPhone.Build.0 = Release|iPhone
		{DEF47139-97F2-4EB0-9DA1-788BE005E808}.Release|iPhoneSimulator.ActiveCfg = Release|iPhoneSimulator
		{DEF47139-97F2-4EB0-9DA1-788BE005E808}.Release|iPhoneSimulator.Build.0 = Release|iPhoneSimulator
		{C2060A83-C58E-4243-AEFD-CA60E76359A0}.Debug|Any CPU.ActiveCfg = Debug|Any CPU
		{C2060A83-C58E-4243-AEFD-CA60E76359A0}.Debug|iPhone.ActiveCfg = Debug|Any CPU
		{C2060A83-C58E-4243-AEFD-CA60E76359A0}.Debug|iPhone.Build.0 = Debug|Any CPU
		{C2060A83-C58E-4243-AEFD-CA60E76359A0}.Debug|iPhoneSimulator.ActiveCfg = Debug|Any CPU
		{C2060A83-C58E-4243-AEFD-CA60E76359A0}.Debug|iPhoneSimulator.Build.0 = Debug|Any CPU
		{C2060A83-C58E-4243-AEFD-CA60E76359A0}.Release|Any CPU.ActiveCfg = Release|Any CPU
		{C2060A83-C58E-4243-AEFD-CA60E76359A0}.Release|Any CPU.Build.0 = Release|Any CPU
		{C2060A83-C58E-4243-AEFD-CA60E76359A0}.Release|iPhone.ActiveCfg = Release|Any CPU
		{C2060A83-C58E-4243-AEFD-CA60E76359A0}.Release|iPhone.Build.0 = Release|Any CPU
		{C2060A83-C58E-4243-AEFD-CA60E76359A0}.Release|iPhoneSimulator.ActiveCfg = Release|Any CPU
		{C2060A83-C58E-4243-AEFD-CA60E76359A0}.Release|iPhoneSimulator.Build.0 = Release|Any CPU
		{16BCEC98-E27A-4A03-A400-955E09CE09BD}.Debug|Any CPU.ActiveCfg = Debug|Any CPU
		{16BCEC98-E27A-4A03-A400-955E09CE09BD}.Debug|iPhone.ActiveCfg = Debug|Any CPU
		{16BCEC98-E27A-4A03-A400-955E09CE09BD}.Debug|iPhone.Build.0 = Debug|Any CPU
		{16BCEC98-E27A-4A03-A400-955E09CE09BD}.Debug|iPhoneSimulator.ActiveCfg = Debug|Any CPU
		{16BCEC98-E27A-4A03-A400-955E09CE09BD}.Debug|iPhoneSimulator.Build.0 = Debug|Any CPU
		{16BCEC98-E27A-4A03-A400-955E09CE09BD}.Release|Any CPU.ActiveCfg = Release|Any CPU
		{16BCEC98-E27A-4A03-A400-955E09CE09BD}.Release|Any CPU.Build.0 = Release|Any CPU
		{16BCEC98-E27A-4A03-A400-955E09CE09BD}.Release|iPhone.ActiveCfg = Release|Any CPU
		{16BCEC98-E27A-4A03-A400-955E09CE09BD}.Release|iPhone.Build.0 = Release|Any CPU
		{16BCEC98-E27A-4A03-A400-955E09CE09BD}.Release|iPhoneSimulator.ActiveCfg = Release|Any CPU
		{16BCEC98-E27A-4A03-A400-955E09CE09BD}.Release|iPhoneSimulator.Build.0 = Release|Any CPU
		{6A7957BB-EF54-4E13-B190-168F24270DB1}.Debug|Any CPU.ActiveCfg = Debug|Any CPU
		{6A7957BB-EF54-4E13-B190-168F24270DB1}.Debug|iPhone.ActiveCfg = Debug|Any CPU
		{6A7957BB-EF54-4E13-B190-168F24270DB1}.Debug|iPhone.Build.0 = Debug|Any CPU
		{6A7957BB-EF54-4E13-B190-168F24270DB1}.Debug|iPhoneSimulator.ActiveCfg = Debug|Any CPU
		{6A7957BB-EF54-4E13-B190-168F24270DB1}.Debug|iPhoneSimulator.Build.0 = Debug|Any CPU
		{6A7957BB-EF54-4E13-B190-168F24270DB1}.Release|Any CPU.ActiveCfg = Release|Any CPU
		{6A7957BB-EF54-4E13-B190-168F24270DB1}.Release|Any CPU.Build.0 = Release|Any CPU
		{6A7957BB-EF54-4E13-B190-168F24270DB1}.Release|iPhone.ActiveCfg = Release|Any CPU
		{6A7957BB-EF54-4E13-B190-168F24270DB1}.Release|iPhone.Build.0 = Release|Any CPU
		{6A7957BB-EF54-4E13-B190-168F24270DB1}.Release|iPhoneSimulator.ActiveCfg = Release|Any CPU
		{6A7957BB-EF54-4E13-B190-168F24270DB1}.Release|iPhoneSimulator.Build.0 = Release|Any CPU
		{8ABEBE03-7619-42E3-90E0-833AB9549CC2}.Debug|Any CPU.ActiveCfg = Debug|Any CPU
		{8ABEBE03-7619-42E3-90E0-833AB9549CC2}.Debug|Any CPU.Build.0 = Debug|Any CPU
		{8ABEBE03-7619-42E3-90E0-833AB9549CC2}.Debug|iPhone.ActiveCfg = Debug|Any CPU
		{8ABEBE03-7619-42E3-90E0-833AB9549CC2}.Debug|iPhone.Build.0 = Debug|Any CPU
		{8ABEBE03-7619-42E3-90E0-833AB9549CC2}.Debug|iPhoneSimulator.ActiveCfg = Debug|Any CPU
		{8ABEBE03-7619-42E3-90E0-833AB9549CC2}.Debug|iPhoneSimulator.Build.0 = Debug|Any CPU
		{8ABEBE03-7619-42E3-90E0-833AB9549CC2}.Release|Any CPU.ActiveCfg = Release|Any CPU
		{8ABEBE03-7619-42E3-90E0-833AB9549CC2}.Release|Any CPU.Build.0 = Release|Any CPU
		{8ABEBE03-7619-42E3-90E0-833AB9549CC2}.Release|iPhone.ActiveCfg = Release|Any CPU
		{8ABEBE03-7619-42E3-90E0-833AB9549CC2}.Release|iPhone.Build.0 = Release|Any CPU
		{8ABEBE03-7619-42E3-90E0-833AB9549CC2}.Release|iPhoneSimulator.ActiveCfg = Release|Any CPU
		{8ABEBE03-7619-42E3-90E0-833AB9549CC2}.Release|iPhoneSimulator.Build.0 = Release|Any CPU
		{588B31E9-5E22-4E4A-A4BD-3D41EBC45394}.Debug|Any CPU.ActiveCfg = Debug|Any CPU
		{588B31E9-5E22-4E4A-A4BD-3D41EBC45394}.Debug|Any CPU.Build.0 = Debug|Any CPU
		{588B31E9-5E22-4E4A-A4BD-3D41EBC45394}.Debug|iPhone.ActiveCfg = Debug|Any CPU
		{588B31E9-5E22-4E4A-A4BD-3D41EBC45394}.Debug|iPhone.Build.0 = Debug|Any CPU
		{588B31E9-5E22-4E4A-A4BD-3D41EBC45394}.Debug|iPhoneSimulator.ActiveCfg = Debug|Any CPU
		{588B31E9-5E22-4E4A-A4BD-3D41EBC45394}.Debug|iPhoneSimulator.Build.0 = Debug|Any CPU
		{588B31E9-5E22-4E4A-A4BD-3D41EBC45394}.Release|Any CPU.ActiveCfg = Release|Any CPU
		{588B31E9-5E22-4E4A-A4BD-3D41EBC45394}.Release|Any CPU.Build.0 = Release|Any CPU
		{588B31E9-5E22-4E4A-A4BD-3D41EBC45394}.Release|iPhone.ActiveCfg = Release|Any CPU
		{588B31E9-5E22-4E4A-A4BD-3D41EBC45394}.Release|iPhone.Build.0 = Release|Any CPU
		{588B31E9-5E22-4E4A-A4BD-3D41EBC45394}.Release|iPhoneSimulator.ActiveCfg = Release|Any CPU
		{588B31E9-5E22-4E4A-A4BD-3D41EBC45394}.Release|iPhoneSimulator.Build.0 = Release|Any CPU
		{DE1D95BF-7F06-4A80-B739-13EFE3BF9BD8}.Debug|Any CPU.ActiveCfg = Debug|Any CPU
		{DE1D95BF-7F06-4A80-B739-13EFE3BF9BD8}.Debug|Any CPU.Build.0 = Debug|Any CPU
		{DE1D95BF-7F06-4A80-B739-13EFE3BF9BD8}.Debug|iPhone.ActiveCfg = Debug|Any CPU
		{DE1D95BF-7F06-4A80-B739-13EFE3BF9BD8}.Debug|iPhone.Build.0 = Debug|Any CPU
		{DE1D95BF-7F06-4A80-B739-13EFE3BF9BD8}.Debug|iPhoneSimulator.ActiveCfg = Debug|Any CPU
		{DE1D95BF-7F06-4A80-B739-13EFE3BF9BD8}.Debug|iPhoneSimulator.Build.0 = Debug|Any CPU
		{DE1D95BF-7F06-4A80-B739-13EFE3BF9BD8}.Release|Any CPU.ActiveCfg = Release|Any CPU
		{DE1D95BF-7F06-4A80-B739-13EFE3BF9BD8}.Release|Any CPU.Build.0 = Release|Any CPU
		{DE1D95BF-7F06-4A80-B739-13EFE3BF9BD8}.Release|iPhone.ActiveCfg = Release|Any CPU
		{DE1D95BF-7F06-4A80-B739-13EFE3BF9BD8}.Release|iPhone.Build.0 = Release|Any CPU
		{DE1D95BF-7F06-4A80-B739-13EFE3BF9BD8}.Release|iPhoneSimulator.ActiveCfg = Release|Any CPU
		{DE1D95BF-7F06-4A80-B739-13EFE3BF9BD8}.Release|iPhoneSimulator.Build.0 = Release|Any CPU
		{CC16A7B1-B08F-42AA-BF15-B7E94377788F}.Debug|Any CPU.ActiveCfg = Debug|Any CPU
		{CC16A7B1-B08F-42AA-BF15-B7E94377788F}.Debug|Any CPU.Build.0 = Debug|Any CPU
		{CC16A7B1-B08F-42AA-BF15-B7E94377788F}.Debug|iPhone.ActiveCfg = Debug|Any CPU
		{CC16A7B1-B08F-42AA-BF15-B7E94377788F}.Debug|iPhone.Build.0 = Debug|Any CPU
		{CC16A7B1-B08F-42AA-BF15-B7E94377788F}.Debug|iPhoneSimulator.ActiveCfg = Debug|Any CPU
		{CC16A7B1-B08F-42AA-BF15-B7E94377788F}.Debug|iPhoneSimulator.Build.0 = Debug|Any CPU
		{CC16A7B1-B08F-42AA-BF15-B7E94377788F}.Release|Any CPU.ActiveCfg = Release|Any CPU
		{CC16A7B1-B08F-42AA-BF15-B7E94377788F}.Release|Any CPU.Build.0 = Release|Any CPU
		{CC16A7B1-B08F-42AA-BF15-B7E94377788F}.Release|iPhone.ActiveCfg = Release|Any CPU
		{CC16A7B1-B08F-42AA-BF15-B7E94377788F}.Release|iPhone.Build.0 = Release|Any CPU
		{CC16A7B1-B08F-42AA-BF15-B7E94377788F}.Release|iPhoneSimulator.ActiveCfg = Release|Any CPU
		{CC16A7B1-B08F-42AA-BF15-B7E94377788F}.Release|iPhoneSimulator.Build.0 = Release|Any CPU
		{1CDBB0D0-AC02-4B7A-8F8D-D6D9CEA95AA1}.Debug|Any CPU.ActiveCfg = Debug|Any CPU
		{1CDBB0D0-AC02-4B7A-8F8D-D6D9CEA95AA1}.Debug|Any CPU.Build.0 = Debug|Any CPU
		{1CDBB0D0-AC02-4B7A-8F8D-D6D9CEA95AA1}.Debug|iPhone.ActiveCfg = Debug|Any CPU
		{1CDBB0D0-AC02-4B7A-8F8D-D6D9CEA95AA1}.Debug|iPhone.Build.0 = Debug|Any CPU
		{1CDBB0D0-AC02-4B7A-8F8D-D6D9CEA95AA1}.Debug|iPhoneSimulator.ActiveCfg = Debug|Any CPU
		{1CDBB0D0-AC02-4B7A-8F8D-D6D9CEA95AA1}.Debug|iPhoneSimulator.Build.0 = Debug|Any CPU
		{1CDBB0D0-AC02-4B7A-8F8D-D6D9CEA95AA1}.Release|Any CPU.ActiveCfg = Release|Any CPU
		{1CDBB0D0-AC02-4B7A-8F8D-D6D9CEA95AA1}.Release|Any CPU.Build.0 = Release|Any CPU
		{1CDBB0D0-AC02-4B7A-8F8D-D6D9CEA95AA1}.Release|iPhone.ActiveCfg = Release|Any CPU
		{1CDBB0D0-AC02-4B7A-8F8D-D6D9CEA95AA1}.Release|iPhone.Build.0 = Release|Any CPU
		{1CDBB0D0-AC02-4B7A-8F8D-D6D9CEA95AA1}.Release|iPhoneSimulator.ActiveCfg = Release|Any CPU
		{1CDBB0D0-AC02-4B7A-8F8D-D6D9CEA95AA1}.Release|iPhoneSimulator.Build.0 = Release|Any CPU
	EndGlobalSection
	GlobalSection(SolutionProperties) = preSolution
		HideSolutionNode = FALSE
	EndGlobalSection
	GlobalSection(ExtensibilityGlobals) = postSolution
		SolutionGuid = {2BA15AEC-D223-424F-BD80-D32E1D8316F5}
	EndGlobalSection
	GlobalSection(TeamFoundationVersionControl) = preSolution
		SccNumberOfProjects = 15
		SccEnterpriseProvider = {4CA58AB2-18FA-4F8D-95D4-32DDF27D184C}
		SccTeamFoundationServer = http://kamizama5:8080/grtfs/proyectos%202019
		SccLocalPath0 = .
		SccProjectUniqueName1 = MystiqueMcApi\\MystiqueMcApi.csproj
		SccProjectName1 = MystiqueMcApi
		SccLocalPath1 = MystiqueMcApi
		SccProjectUniqueName2 = MystiqueMC.DAL\\MystiqueMC.DAL.csproj
		SccProjectName2 = MystiqueMC.DAL
		SccLocalPath2 = MystiqueMC.DAL
		SccProjectUniqueName3 = MystiqueMC\\MystiqueMC.csproj
		SccProjectName3 = MystiqueMC
		SccLocalPath3 = MystiqueMC
		SccProjectUniqueName4 = MystiqueNative\\MystiqueNative.csproj
		SccProjectName4 = MystiqueNative
		SccLocalPath4 = MystiqueNative
		SccProjectUniqueName5 = MystiqueNative.Android\\MystiqueNative.Android.csproj
		SccProjectName5 = MystiqueNative.Android
		SccLocalPath5 = MystiqueNative.Android
		SccProjectUniqueName6 = MystiqueNative.iOS\\MystiqueNative.iOS.csproj
		SccProjectName6 = MystiqueNative.iOS
		SccLocalPath6 = MystiqueNative.iOS
		SccProjectUniqueName7 = FacturacionApi\\FacturacionApi.csproj
		SccProjectName7 = FacturacionApi
		SccLocalPath7 = FacturacionApi
		SccProjectUniqueName8 = FacturacionApi.DAL\\FacturacionApi.DAL.csproj
		SccProjectName8 = FacturacionApi.DAL
		SccLocalPath8 = FacturacionApi.DAL
		SccProjectUniqueName9 = FacturacionApi.SAT\\FacturacionApi.SAT.csproj
		SccProjectName9 = FacturacionApi.SAT
		SccLocalPath9 = FacturacionApi.SAT
		SccProjectUniqueName10 = WebApp.SyncApi\\WebApp.SyncApi.csproj
		SccProjectName10 = WebApp.SyncApi
		SccLocalPath10 = WebApp.SyncApi
		SccProjectUniqueName11 = ApiDoc\\ApiDoc.csproj
		SccProjectName11 = ApiDoc
		SccLocalPath11 = ApiDoc
		SccProjectUniqueName12 = FacturacionTDCAPI.DAL\\FacturacionTDCAPI.DAL.csproj
		SccProjectName12 = FacturacionTDCAPI.DAL
		SccLocalPath12 = FacturacionTDCAPI.DAL
		SccProjectUniqueName13 = Facturacion.Cfdi.v33\\Facturacion.Cfdi.v33.csproj
		SccProjectName13 = Facturacion.Cfdi.v33
		SccLocalPath13 = Facturacion.Cfdi.v33
		SccProjectUniqueName14 = FacturacionTDCAPI\\FacturacionTDCAPI.csproj
		SccProjectName14 = FacturacionTDCAPI
		SccLocalPath14 = FacturacionTDCAPI
	EndGlobalSection
EndGlobal
